
Microsoft Visual Studio Solution File, Format Version 12.00
# Visual Studio Version 17
VisualStudioVersion = 17.3.32901.215
MinimumVisualStudioVersion = 10.0.40219.1
Project("{8BC9CEB8-8B4A-11D0-8D11-00A0C91BC942}") = "pr7.2", "pr7.2\pr7.2.vcxproj", "{53D9D729-DA70-4840-8589-7F0646ADDBA9}"
EndProject
Global
	GlobalSection(SolutionConfigurationPlatforms) = preSolution
		Debug|x64 = Debug|x64
		Debug|x86 = Debug|x86
		Release|x64 = Release|x64
		Release|x86 = Release|x86
	EndGlobalSection
	GlobalSection(ProjectConfigurationPlatforms) = postSolution
		{53D9D729-DA70-4840-8589-7F0646ADDBA9}.Debug|x64.ActiveCfg = Debug|x64
		{53D9D729-DA70-4840-8589-7F0646ADDBA9}.Debug|x64.Build.0 = Debug|x64
		{53D9D729-DA70-4840-8589-7F0646ADDBA9}.Debug|x86.ActiveCfg = Debug|Win32
		{53D9D729-DA70-4840-8589-7F0646ADDBA9}.Debug|x86.Build.0 = Debug|Win32
		{53D9D729-DA70-4840-8589-7F0646ADDBA9}.Release|x64.ActiveCfg = Release|x64
		{53D9D729-DA70-4840-8589-7F0646ADDBA9}.Release|x64.Build.0 = Release|x64
		{53D9D729-DA70-4840-8589-7F0646ADDBA9}.Release|x86.ActiveCfg = Release|Win32
		{53D9D729-DA70-4840-8589-7F0646ADDBA9}.Release|x86.Build.0 = Release|Win32
	EndGlobalSection
	GlobalSection(SolutionProperties) = preSolution
		HideSolutionNode = FALSE
	EndGlobalSection
	GlobalSection(ExtensibilityGlobals) = postSolution
		SolutionGuid = {EC8A1809-5B4D-4A8D-9178-1B94FE9960C2}
	EndGlobalSection
EndGlobal
